
Microsoft Visual Studio Solution File, Format Version 12.00
# Visual Studio Version 16
VisualStudioVersion = 16.0.31410.357
MinimumVisualStudioVersion = 10.0.40219.1
Project("{FAE04EC0-301F-11D3-BF4B-00C04F79EFBC}") = "demo1", "demo1\demo1.csproj", "{9D7A4485-6846-4F97-B914-F48A6E51B6BA}"
EndProject
Global
	GlobalSection(SolutionConfigurationPlatforms) = preSolution
		Debug|Any CPU = Debug|Any CPU
		Release|Any CPU = Release|Any CPU
	EndGlobalSection
	GlobalSection(ProjectConfigurationPlatforms) = postSolution
		{9D7A4485-6846-4F97-B914-F48A6E51B6BA}.Debug|Any CPU.ActiveCfg = Debug|Any CPU
		{9D7A4485-6846-4F97-B914-F48A6E51B6BA}.Debug|Any CPU.Build.0 = Debug|Any CPU
		{9D7A4485-6846-4F97-B914-F48A6E51B6BA}.Release|Any CPU.ActiveCfg = Release|Any CPU
		{9D7A4485-6846-4F97-B914-F48A6E51B6BA}.Release|Any CPU.Build.0 = Release|Any CPU
	EndGlobalSection
	GlobalSection(SolutionProperties) = preSolution
		HideSolutionNode = FALSE
	EndGlobalSection
	GlobalSection(ExtensibilityGlobals) = postSolution
		SolutionGuid = {CEDAF472-F225-4974-9C49-1EDA8ABB7A9D}
	EndGlobalSection
EndGlobal
